{
  "requires": true,
  "lockfileVersion": 1,
  "dependencies": {
    "vue": {
      "version": "2.6.14",
      "resolved": "https://registry.npmjs.org/vue/-/vue-2.6.14.tgz",
      "integrity": "sha512-x2284lgYvjOMj3Za7kqzRcUSxBboHqtgRE2zlos1qWaOye5yUmHn42LB1250NJBLRwEcdrB0JRwyPTEPhfQjiQ=="
    },
    "vue-toastify": {
      "version": "1.8.0",
      "resolved": "https://registry.npmjs.org/vue-toastify/-/vue-toastify-1.8.0.tgz",
      "integrity": "sha512-x+LCXLyUdXYkzt/rQCsGTFdaoh6S1Y05eOgrFKKzTYjrpp0jXGgxFCS46dE8GUm72edjMykha2BJs/RCXX+PcQ==",
      "requires": {
        "vue": "^2.6.11"
      }
    }
  }
}
